// !$*UTF8*$!
{
	archiveVersion = 1;
	classes = {
	};
	objectVersion = 50;
	objects = {

/* Begin PBXBuildFile section */
		AB9043B621BA502F00CB78F1 /* AppDelegate.swift in Sources */ = {isa = PBXBuildFile; fileRef = AB9043B521BA502F00CB78F1 /* AppDelegate.swift */; };
		AB9043B821BA502F00CB78F1 /* ViewController.swift in Sources */ = {isa = PBXBuildFile; fileRef = AB9043B721BA502F00CB78F1 /* ViewController.swift */; };
		AB9043BB21BA502F00CB78F1 /* Main.storyboard in Resources */ = {isa = PBXBuildFile; fileRef = AB9043B921BA502F00CB78F1 /* Main.storyboard */; };
		AB9043BD21BA503000CB78F1 /* Assets.xcassets in Resources */ = {isa = PBXBuildFile; fileRef = AB9043BC21BA503000CB78F1 /* Assets.xcassets */; };
		AB9043C021BA503000CB78F1 /* LaunchScreen.storyboard in Resources */ = {isa = PBXBuildFile; fileRef = AB9043BE21BA503000CB78F1 /* LaunchScreen.storyboard */; };
		AB9043CB21BA503100CB78F1 /* GeneralTests.swift in Sources */ = {isa = PBXBuildFile; fileRef = AB9043CA21BA503100CB78F1 /* GeneralTests.swift */; };
		AB9043D621BA503100CB78F1 /* GeneralUITests.swift in Sources */ = {isa = PBXBuildFile; fileRef = AB9043D521BA503100CB78F1 /* GeneralUITests.swift */; };
/* End PBXBuildFile section */

/* Begin PBXContainerItemProxy section */
		AB9043C721BA503100CB78F1 /* PBXContainerItemProxy */ = {
			isa = PBXContainerItemProxy;
			containerPortal = AB9043AA21BA502F00CB78F1 /* Project object */;
			proxyType = 1;
			remoteGlobalIDString = AB9043B121BA502F00CB78F1;
			remoteInfo = General;
		};
		AB9043D221BA503100CB78F1 /* PBXContainerItemProxy */ = {
			isa = PBXContainerItemProxy;
			containerPortal = AB9043AA21BA502F00CB78F1 /* Project object */;
			proxyType = 1;
			remoteGlobalIDString = AB9043B121BA502F00CB78F1;
			remoteInfo = General;
		};
/* End PBXContainerItemProxy section */

/* Begin PBXFileReference section */
		AB9043B221BA502F00CB78F1 /* General.app */ = {isa = PBXFileReference; explicitFileType = wrapper.application; includeInIndex = 0; path = General.app; sourceTree = BUILT_PRODUCTS_DIR; };
		AB9043B521BA502F00CB78F1 /* AppDelegate.swift */ = {isa = PBXFileReference; lastKnownFileType = sourcecode.swift; path = AppDelegate.swift; sourceTree = "<group>"; };
		AB9043B721BA502F00CB78F1 /* ViewController.swift */ = {isa = PBXFileReference; lastKnownFileType = sourcecode.swift; path = ViewController.swift; sourceTree = "<group>"; };
		AB9043BA21BA502F00CB78F1 /* Base */ = {isa = PBXFileReference; lastKnownFileType = file.storyboard; name = Base; path = Base.lproj/Main.storyboard; sourceTree = "<group>"; };
		AB9043BC21BA503000CB78F1 /* Assets.xcassets */ = {isa = PBXFileReference; lastKnownFileType = folder.assetcatalog; path = Assets.xcassets; sourceTree = "<group>"; };
		AB9043BF21BA503000CB78F1 /* Base */ = {isa = PBXFileReference; lastKnownFileType = file.storyboard; name = Base; path = Base.lproj/LaunchScreen.storyboard; sourceTree = "<group>"; };
		AB9043C121BA503000CB78F1 /* Info.plist */ = {isa = PBXFileReference; lastKnownFileType = text.plist.xml; path = Info.plist; sourceTree = "<group>"; };
		AB9043C621BA503100CB78F1 /* GeneralTests.xctest */ = {isa = PBXFileReference; explicitFileType = wrapper.cfbundle; includeInIndex = 0; path = GeneralTests.xctest; sourceTree = BUILT_PRODUCTS_DIR; };
		AB9043CA21BA503100CB78F1 /* GeneralTests.swift */ = {isa = PBXFileReference; lastKnownFileType = sourcecode.swift; path = GeneralTests.swift; sourceTree = "<group>"; };
		AB9043CC21BA503100CB78F1 /* Info.plist */ = {isa = PBXFileReference; lastKnownFileType = text.plist.xml; path = Info.plist; sourceTree = "<group>"; };
		AB9043D121BA503100CB78F1 /* GeneralUITests.xctest */ = {isa = PBXFileReference; explicitFileType = wrapper.cfbundle; includeInIndex = 0; path = GeneralUITests.xctest; sourceTree = BUILT_PRODUCTS_DIR; };
		AB9043D521BA503100CB78F1 /* GeneralUITests.swift */ = {isa = PBXFileReference; lastKnownFileType = sourcecode.swift; path = GeneralUITests.swift; sourceTree = "<group>"; };
		AB9043D721BA503100CB78F1 /* Info.plist */ = {isa = PBXFileReference; lastKnownFileType = text.plist.xml; path = Info.plist; sourceTree = "<group>"; };
/* End PBXFileReference section */

/* Begin PBXFrameworksBuildPhase section */
		AB9043AF21BA502F00CB78F1 /* Frameworks */ = {
			isa = PBXFrameworksBuildPhase;
			buildActionMask = 2147483647;
			files = (
			);
			runOnlyForDeploymentPostprocessing = 0;
		};
		AB9043C321BA503100CB78F1 /* Frameworks */ = {
			isa = PBXFrameworksBuildPhase;
			buildActionMask = 2147483647;
			files = (
			);
			runOnlyForDeploymentPostprocessing = 0;
		};
		AB9043CE21BA503100CB78F1 /* Frameworks */ = {
			isa = PBXFrameworksBuildPhase;
			buildActionMask = 2147483647;
			files = (
			);
			runOnlyForDeploymentPostprocessing = 0;
		};
/* End PBXFrameworksBuildPhase section */

/* Begin PBXGroup section */
		AB9043A921BA502F00CB78F1 = {
			isa = PBXGroup;
			children = (
				AB9043B421BA502F00CB78F1 /* General */,
				AB9043C921BA503100CB78F1 /* GeneralTests */,
				AB9043D421BA503100CB78F1 /* GeneralUITests */,
				AB9043B321BA502F00CB78F1 /* Products */,
			);
			sourceTree = "<group>";
		};
		AB9043B321BA502F00CB78F1 /* Products */ = {
			isa = PBXGroup;
			children = (
				AB9043B221BA502F00CB78F1 /* General.app */,
				AB9043C621BA503100CB78F1 /* GeneralTests.xctest */,
				AB9043D121BA503100CB78F1 /* GeneralUITests.xctest */,
			);
			name = Products;
			sourceTree = "<group>";
		};
		AB9043B421BA502F00CB78F1 /* General */ = {
			isa = PBXGroup;
			children = (
				AB9043B521BA502F00CB78F1 /* AppDelegate.swift */,
				AB9043B721BA502F00CB78F1 /* ViewController.swift */,
				AB9043B921BA502F00CB78F1 /* Main.storyboard */,
				AB9043BC21BA503000CB78F1 /* Assets.xcassets */,
				AB9043BE21BA503000CB78F1 /* LaunchScreen.storyboard */,
				AB9043C121BA503000CB78F1 /* Info.plist */,
			);
			path = General;
			sourceTree = "<group>";
		};
		AB9043C921BA503100CB78F1 /* GeneralTests */ = {
			isa = PBXGroup;
			children = (
				AB9043CA21BA503100CB78F1 /* GeneralTests.swift */,
				AB9043CC21BA503100CB78F1 /* Info.plist */,
			);
			path = GeneralTests;
			sourceTree = "<group>";
		};
		AB9043D421BA503100CB78F1 /* GeneralUITests */ = {
			isa = PBXGroup;
			children = (
				AB9043D521BA503100CB78F1 /* GeneralUITests.swift */,
				AB9043D721BA503100CB78F1 /* Info.plist */,
			);
			path = GeneralUITests;
			sourceTree = "<group>";
		};
/* End PBXGroup section */

/* Begin PBXNativeTarget section */
		AB9043B121BA502F00CB78F1 /* General */ = {
			isa = PBXNativeTarget;
			buildConfigurationList = AB9043DA21BA503100CB78F1 /* Build configuration list for PBXNativeTarget "General" */;
			buildPhases = (
				AB9043AE21BA502F00CB78F1 /* Sources */,
				AB9043AF21BA502F00CB78F1 /* Frameworks */,
				AB9043B021BA502F00CB78F1 /* Resources */,
			);
			buildRules = (
			);
			dependencies = (
			);
			name = General;
			productName = General;
			productReference = AB9043B221BA502F00CB78F1 /* General.app */;
			productType = "com.apple.product-type.application";
		};
		AB9043C521BA503100CB78F1 /* GeneralTests */ = {
			isa = PBXNativeTarget;
			buildConfigurationList = AB9043DD21BA503100CB78F1 /* Build configuration list for PBXNativeTarget "GeneralTests" */;
			buildPhases = (
				AB9043C221BA503100CB78F1 /* Sources */,
				AB9043C321BA503100CB78F1 /* Frameworks */,
				AB9043C421BA503100CB78F1 /* Resources */,
			);
			buildRules = (
			);
			dependencies = (
				AB9043C821BA503100CB78F1 /* PBXTargetDependency */,
			);
			name = GeneralTests;
			productName = GeneralTests;
			productReference = AB9043C621BA503100CB78F1 /* GeneralTests.xctest */;
			productType = "com.apple.product-type.bundle.unit-test";
		};
		AB9043D021BA503100CB78F1 /* GeneralUITests */ = {
			isa = PBXNativeTarget;
			buildConfigurationList = AB9043E021BA503100CB78F1 /* Build configuration list for PBXNativeTarget "GeneralUITests" */;
			buildPhases = (
				AB9043CD21BA503100CB78F1 /* Sources */,
				AB9043CE21BA503100CB78F1 /* Frameworks */,
				AB9043CF21BA503100CB78F1 /* Resources */,
			);
			buildRules = (
			);
			dependencies = (
				AB9043D321BA503100CB78F1 /* PBXTargetDependency */,
			);
			name = GeneralUITests;
			productName = GeneralUITests;
			productReference = AB9043D121BA503100CB78F1 /* GeneralUITests.xctest */;
			productType = "com.apple.product-type.bundle.ui-testing";
		};
/* End PBXNativeTarget section */

/* Begin PBXProject section */
		AB9043AA21BA502F00CB78F1 /* Project object */ = {
			isa = PBXProject;
			attributes = {
				LastSwiftUpdateCheck = 1010;
				LastUpgradeCheck = 1010;
				ORGANIZATIONNAME = "崔曦";
				TargetAttributes = {
					AB9043B121BA502F00CB78F1 = {
						CreatedOnToolsVersion = 10.1;
					};
					AB9043C521BA503100CB78F1 = {
						CreatedOnToolsVersion = 10.1;
						TestTargetID = AB9043B121BA502F00CB78F1;
					};
					AB9043D021BA503100CB78F1 = {
						CreatedOnToolsVersion = 10.1;
						TestTargetID = AB9043B121BA502F00CB78F1;
					};
				};
			};
			buildConfigurationList = AB9043AD21BA502F00CB78F1 /* Build configuration list for PBXProject "General" */;
			compatibilityVersion = "Xcode 9.3";
			developmentRegion = en;
			hasScannedForEncodings = 0;
			knownRegions = (
				en,
				Base,
			);
			mainGroup = AB9043A921BA502F00CB78F1;
			productRefGroup = AB9043B321BA502F00CB78F1 /* Products */;
			projectDirPath = "";
			projectRoot = "";
			targets = (
				AB9043B121BA502F00CB78F1 /* General */,
				AB9043C521BA503100CB78F1 /* GeneralTests */,
				AB9043D021BA503100CB78F1 /* GeneralUITests */,
			);
		};
/* End PBXProject section */

/* Begin PBXResourcesBuildPhase section */
		AB9043B021BA502F00CB78F1 /* Resources */ = {
			isa = PBXResourcesBuildPhase;
			buildActionMask = 2147483647;
			files = (
				AB9043C021BA503000CB78F1 /* LaunchScreen.storyboard in Resources */,
				AB9043BD21BA503000CB78F1 /* Assets.xcassets in Resources */,
				AB9043BB21BA502F00CB78F1 /* Main.storyboard in Resources */,
			);
			runOnlyForDeploymentPostprocessing = 0;
		};
		AB9043C421BA503100CB78F1 /* Resources */ = {
			isa = PBXResourcesBuildPhase;
			buildActionMask = 2147483647;
			files = (
			);
			runOnlyForDeploymentPostprocessing = 0;
		};
		AB9043CF21BA503100CB78F1 /* Resources */ = {
			isa = PBXResourcesBuildPhase;
			buildActionMask = 2147483647;
			files = (
			);
			runOnlyForDeploymentPostprocessing = 0;
		};
/* End PBXResourcesBuildPhase section */

/* Begin PBXSourcesBuildPhase section */
		AB9043AE21BA502F00CB78F1 /* Sources */ = {
			isa = PBXSourcesBuildPhase;
			buildActionMask = 2147483647;
			files = (
				AB9043B821BA502F00CB78F1 /* ViewController.swift in Sources */,
				AB9043B621BA502F00CB78F1 /* AppDelegate.swift in Sources */,
			);
			runOnlyForDeploymentPostprocessing = 0;
		};
		AB9043C221BA503100CB78F1 /* Sources */ = {
			isa = PBXSourcesBuildPhase;
			buildActionMask = 2147483647;
			files = (
				AB9043CB21BA503100CB78F1 /* GeneralTests.swift in Sources */,
			);
			runOnlyForDeploymentPostprocessing = 0;
		};
		AB9043CD21BA503100CB78F1 /* Sources */ = {
			isa = PBXSourcesBuildPhase;
			buildActionMask = 2147483647;
			files = (
				AB9043D621BA503100CB78F1 /* GeneralUITests.swift in Sources */,
			);
			runOnlyForDeploymentPostprocessing = 0;
		};
/* End PBXSourcesBuildPhase section */

/* Begin PBXTargetDependency section */
		AB9043C821BA503100CB78F1 /* PBXTargetDependency */ = {
			isa = PBXTargetDependency;
			target = AB9043B121BA502F00CB78F1 /* General */;
			targetProxy = AB9043C721BA503100CB78F1 /* PBXContainerItemProxy */;
		};
		AB9043D321BA503100CB78F1 /* PBXTargetDependency */ = {
			isa = PBXTargetDependency;
			target = AB9043B121BA502F00CB78F1 /* General */;
			targetProxy = AB9043D221BA503100CB78F1 /* PBXContainerItemProxy */;
		};
/* End PBXTargetDependency section */

/* Begin PBXVariantGroup section */
		AB9043B921BA502F00CB78F1 /* Main.storyboard */ = {
			isa = PBXVariantGroup;
			children = (
				AB9043BA21BA502F00CB78F1 /* Base */,
			);
			name = Main.storyboard;
			sourceTree = "<group>";
		};
		AB9043BE21BA503000CB78F1 /* LaunchScreen.storyboard */ = {
			isa = PBXVariantGroup;
			children = (
				AB9043BF21BA503000CB78F1 /* Base */,
			);
			name = LaunchScreen.storyboard;
			sourceTree = "<group>";
		};
/* End PBXVariantGroup section */

/* Begin XCBuildConfiguration section */
		AB9043D821BA503100CB78F1 /* Debug */ = {
			isa = XCBuildConfiguration;
			buildSettings = {
				ALWAYS_SEARCH_USER_PATHS = NO;
				CLANG_ANALYZER_NONNULL = YES;
				CLANG_ANALYZER_NUMBER_OBJECT_CONVERSION = YES_AGGRESSIVE;
				CLANG_CXX_LANGUAGE_STANDARD = "gnu++14";
				CLANG_CXX_LIBRARY = "libc++";
				CLANG_ENABLE_MODULES = YES;
				CLANG_ENABLE_OBJC_ARC = YES;
				CLANG_ENABLE_OBJC_WEAK = YES;
				CLANG_WARN_BLOCK_CAPTURE_AUTORELEASING = YES;
				CLANG_WARN_BOOL_CONVERSION = YES;
				CLANG_WARN_COMMA = YES;
				CLANG_WARN_CONSTANT_CONVERSION = YES;
				CLANG_WARN_DEPRECATED_OBJC_IMPLEMENTATIONS = YES;
				CLANG_WARN_DIRECT_OBJC_ISA_USAGE = YES_ERROR;
				CLANG_WARN_DOCUMENTATION_COMMENTS = YES;
				CLANG_WARN_EMPTY_BODY = YES;
				CLANG_WARN_ENUM_CONVERSION = YES;
				CLANG_WARN_INFINITE_RECURSION = YES;
				CLANG_WARN_INT_CONVERSION = YES;
				CLANG_WARN_NON_LITERAL_NULL_CONVERSION = YES;
				CLANG_WARN_OBJC_IMPLICIT_RETAIN_SELF = YES;
				CLANG_WARN_OBJC_LITERAL_CONVERSION = YES;
				CLANG_WARN_OBJC_ROOT_CLASS = YES_ERROR;
				CLANG_WARN_RANGE_LOOP_ANALYSIS = YES;
				CLANG_WARN_STRICT_PROTOTYPES = YES;
				CLANG_WARN_SUSPICIOUS_MOVE = YES;
				CLANG_WARN_UNGUARDED_AVAILABILITY = YES_AGGRESSIVE;
				CLANG_WARN_UNREACHABLE_CODE = YES;
				CLANG_WARN__DUPLICATE_METHOD_MATCH = YES;
				CODE_SIGN_IDENTITY = "iPhone Developer";
				COPY_PHASE_STRIP = NO;
				DEBUG_INFORMATION_FORMAT = dwarf;
				ENABLE_STRICT_OBJC_MSGSEND = YES;
				ENABLE_TESTABILITY = YES;
				GCC_C_LANGUAGE_STANDARD = gnu11;
				GCC_DYNAMIC_NO_PIC = NO;
				GCC_NO_COMMON_BLOCKS = YES;
				GCC_OPTIMIZATION_LEVEL = 0;
				GCC_PREPROCESSOR_DEFINITIONS = (
					"DEBUG=1",
					"$(inherited)",
				);
				GCC_WARN_64_TO_32_BIT_CONVERSION = YES;
				GCC_WARN_ABOUT_RETURN_TYPE = YES_ERROR;
				GCC_WARN_UNDECLARED_SELECTOR = YES;
				GCC_WARN_UNINITIALIZED_AUTOS = YES_AGGRESSIVE;
				GCC_WARN_UNUSED_FUNCTION = YES;
				GCC_WARN_UNUSED_VARIABLE = YES;
				IPHONEOS_DEPLOYMENT_TARGET = 12.1;
				MTL_ENABLE_DEBUG_INFO = INCLUDE_SOURCE;
				MTL_FAST_MATH = YES;
				ONLY_ACTIVE_ARCH = YES;
				SDKROOT = iphoneos;
				SWIFT_ACTIVE_COMPILATION_CONDITIONS = DEBUG;
				SWIFT_OPTIMIZATION_LEVEL = "-Onone";
			};
			name = Debug;
		};
		AB9043D921BA503100CB78F1 /* Release */ = {
			isa = XCBuildConfiguration;
			buildSettings = {
				ALWAYS_SEARCH_USER_PATHS = NO;
				CLANG_ANALYZER_NONNULL = YES;
				CLANG_ANALYZER_NUMBER_OBJECT_CONVERSION = YES_AGGRESSIVE;
				CLANG_CXX_LANGUAGE_STANDARD = "gnu++14";
				CLANG_CXX_LIBRARY = "libc++";
				CLANG_ENABLE_MODULES = YES;
				CLANG_ENABLE_OBJC_ARC = YES;
				CLANG_ENABLE_OBJC_WEAK = YES;
				CLANG_WARN_BLOCK_CAPTURE_AUTORELEASING = YES;
				CLANG_WARN_BOOL_CONVERSION = YES;
				CLANG_WARN_COMMA = YES;
				CLANG_WARN_CONSTANT_CONVERSION = YES;
				CLANG_WARN_DEPRECATED_OBJC_IMPLEMENTATIONS = YES;
				CLANG_WARN_DIRECT_OBJC_ISA_USAGE = YES_ERROR;
				CLANG_WARN_DOCUMENTATION_COMMENTS = YES;
				CLANG_WARN_EMPTY_BODY = YES;
				CLANG_WARN_ENUM_CONVERSION = YES;
				CLANG_WARN_INFINITE_RECURSION = YES;
				CLANG_WARN_INT_CONVERSION = YES;
				CLANG_WARN_NON_LITERAL_NULL_CONVERSION = YES;
				CLANG_WARN_OBJC_IMPLICIT_RETAIN_SELF = YES;
				CLANG_WARN_OBJC_LITERAL_CONVERSION = YES;
				CLANG_WARN_OBJC_ROOT_CLASS = YES_ERROR;
				CLANG_WARN_RANGE_LOOP_ANALYSIS = YES;
				CLANG_WARN_STRICT_PROTOTYPES = YES;
				CLANG_WARN_SUSPICIOUS_MOVE = YES;
				CLANG_WARN_UNGUARDED_AVAILABILITY = YES_AGGRESSIVE;
				CLANG_WARN_UNREACHABLE_CODE = YES;
				CLANG_WARN__DUPLICATE_METHOD_MATCH = YES;
				CODE_SIGN_IDENTITY = "iPhone Developer";
				COPY_PHASE_STRIP = NO;
				DEBUG_INFORMATION_FORMAT = "dwarf-with-dsym";
				ENABLE_NS_ASSERTIONS = NO;
				ENABLE_STRICT_OBJC_MSGSEND = YES;
				GCC_C_LANGUAGE_STANDARD = gnu11;
				GCC_NO_COMMON_BLOCKS = YES;
				GCC_WARN_64_TO_32_BIT_CONVERSION = YES;
				GCC_WARN_ABOUT_RETURN_TYPE = YES_ERROR;
				GCC_WARN_UNDECLARED_SELECTOR = YES;
				GCC_WARN_UNINITIALIZED_AUTOS = YES_AGGRESSIVE;
				GCC_WARN_UNUSED_FUNCTION = YES;
				GCC_WARN_UNUSED_VARIABLE = YES;
				IPHONEOS_DEPLOYMENT_TARGET = 12.1;
				MTL_ENABLE_DEBUG_INFO = NO;
				MTL_FAST_MATH = YES;
				SDKROOT = iphoneos;
				SWIFT_COMPILATION_MODE = wholemodule;
				SWIFT_OPTIMIZATION_LEVEL = "-O";
				VALIDATE_PRODUCT = YES;
			};
			name = Release;
		};
		AB9043DB21BA503100CB78F1 /* Debug */ = {
			isa = XCBuildConfiguration;
			buildSettings = {
				ASSETCATALOG_COMPILER_APPICON_NAME = AppIcon;
				CODE_SIGN_STYLE = Automatic;
				DEVELOPMENT_TEAM = MR566AMPNB;
				INFOPLIST_FILE = General/Info.plist;
				LD_RUNPATH_SEARCH_PATHS = (
					"$(inherited)",
					"@executable_path/Frameworks",
				);
				PRODUCT_BUNDLE_IDENTIFIER = David.General;
				PRODUCT_NAME = "$(TARGET_NAME)";
				SWIFT_VERSION = 4.2;
				TARGETED_DEVICE_FAMILY = "1,2";
			};
			name = Debug;
		};
		AB9043DC21BA503100CB78F1 /* Release */ = {
			isa = XCBuildConfiguration;
			buildSettings = {
				ASSETCATALOG_COMPILER_APPICON_NAME = AppIcon;
				CODE_SIGN_STYLE = Automatic;
				DEVELOPMENT_TEAM = MR566AMPNB;
				INFOPLIST_FILE = General/Info.plist;
				LD_RUNPATH_SEARCH_PATHS = (
					"$(inherited)",
					"@executable_path/Frameworks",
				);
				PRODUCT_BUNDLE_IDENTIFIER = David.General;
				PRODUCT_NAME = "$(TARGET_NAME)";
				SWIFT_VERSION = 4.2;
				TARGETED_DEVICE_FAMILY = "1,2";
			};
			name = Release;
		};
		AB9043DE21BA503100CB78F1 /* Debug */ = {
			isa = XCBuildConfiguration;
			buildSettings = {
				ALWAYS_EMBED_SWIFT_STANDARD_LIBRARIES = YES;
				BUNDLE_LOADER = "$(TEST_HOST)";
				CODE_SIGN_STYLE = Automatic;
				DEVELOPMENT_TEAM = MR566AMPNB;
				INFOPLIST_FILE = GeneralTests/Info.plist;
				LD_RUNPATH_SEARCH_PATHS = (
					"$(inherited)",
					"@executable_path/Frameworks",
					"@loader_path/Frameworks",
				);
				PRODUCT_BUNDLE_IDENTIFIER = David.GeneralTests;
				PRODUCT_NAME = "$(TARGET_NAME)";
				SWIFT_VERSION = 4.2;
				TARGETED_DEVICE_FAMILY = "1,2";
				TEST_HOST = "$(BUILT_PRODUCTS_DIR)/General.app/General";
			};
			name = Debug;
		};
		AB9043DF21BA503100CB78F1 /* Release */ = {
			isa = XCBuildConfiguration;
			buildSettings = {
				ALWAYS_EMBED_SWIFT_STANDARD_LIBRARIES = YES;
				BUNDLE_LOADER = "$(TEST_HOST)";
				CODE_SIGN_STYLE = Automatic;
				DEVELOPMENT_TEAM = MR566AMPNB;
				INFOPLIST_FILE = GeneralTests/Info.plist;
				LD_RUNPATH_SEARCH_PATHS = (
					"$(inherited)",
					"@executable_path/Frameworks",
					"@loader_path/Frameworks",
				);
				PRODUCT_BUNDLE_IDENTIFIER = David.GeneralTests;
				PRODUCT_NAME = "$(TARGET_NAME)";
				SWIFT_VERSION = 4.2;
				TARGETED_DEVICE_FAMILY = "1,2";
				TEST_HOST = "$(BUILT_PRODUCTS_DIR)/General.app/General";
			};
			name = Release;
		};
		AB9043E121BA503100CB78F1 /* Debug */ = {
			isa = XCBuildConfiguration;
			buildSettings = {
				ALWAYS_EMBED_SWIFT_STANDARD_LIBRARIES = YES;
				CODE_SIGN_STYLE = Automatic;
				DEVELOPMENT_TEAM = MR566AMPNB;
				INFOPLIST_FILE = GeneralUITests/Info.plist;
				LD_RUNPATH_SEARCH_PATHS = (
					"$(inherited)",
					"@executable_path/Frameworks",
					"@loader_path/Frameworks",
				);
				PRODUCT_BUNDLE_IDENTIFIER = David.GeneralUITests;
				PRODUCT_NAME = "$(TARGET_NAME)";
				SWIFT_VERSION = 4.2;
				TARGETED_DEVICE_FAMILY = "1,2";
				TEST_TARGET_NAME = General;
			};
			name = Debug;
		};
		AB9043E221BA503100CB78F1 /* Release */ = {
			isa = XCBuildConfiguration;
			buildSettings = {
				ALWAYS_EMBED_SWIFT_STANDARD_LIBRARIES = YES;
				CODE_SIGN_STYLE = Automatic;
				DEVELOPMENT_TEAM = MR566AMPNB;
				INFOPLIST_FILE = GeneralUITests/Info.plist;
				LD_RUNPATH_SEARCH_PATHS = (
					"$(inherited)",
					"@executable_path/Frameworks",
					"@loader_path/Frameworks",
				);
				PRODUCT_BUNDLE_IDENTIFIER = David.GeneralUITests;
				PRODUCT_NAME = "$(TARGET_NAME)";
				SWIFT_VERSION = 4.2;
				TARGETED_DEVICE_FAMILY = "1,2";
				TEST_TARGET_NAME = General;
			};
			name = Release;
		};
/* End XCBuildConfiguration section */

/* Begin XCConfigurationList section */
		AB9043AD21BA502F00CB78F1 /* Build configuration list for PBXProject "General" */ = {
			isa = XCConfigurationList;
			buildConfigurations = (
				AB9043D821BA503100CB78F1 /* Debug */,
				AB9043D921BA503100CB78F1 /* Release */,
			);
			defaultConfigurationIsVisible = 0;
			defaultConfigurationName = Release;
		};
		AB9043DA21BA503100CB78F1 /* Build configuration list for PBXNativeTarget "General" */ = {
			isa = XCConfigurationList;
			buildConfigurations = (
				AB9043DB21BA503100CB78F1 /* Debug */,
				AB9043DC21BA503100CB78F1 /* Release */,
			);
			defaultConfigurationIsVisible = 0;
			defaultConfigurationName = Release;
		};
		AB9043DD21BA503100CB78F1 /* Build configuration list for PBXNativeTarget "GeneralTests" */ = {
			isa = XCConfigurationList;
			buildConfigurations = (
				AB9043DE21BA503100CB78F1 /* Debug */,
				AB9043DF21BA503100CB78F1 /* Release */,
			);
			defaultConfigurationIsVisible = 0;
			defaultConfigurationName = Release;
		};
		AB9043E021BA503100CB78F1 /* Build configuration list for PBXNativeTarget "GeneralUITests" */ = {
			isa = XCConfigurationList;
			buildConfigurations = (
				AB9043E121BA503100CB78F1 /* Debug */,
				AB9043E221BA503100CB78F1 /* Release */,
			);
			defaultConfigurationIsVisible = 0;
			defaultConfigurationName = Release;
		};
/* End XCConfigurationList section */
	};
	rootObject = AB9043AA21BA502F00CB78F1 /* Project object */;
}
